# This file is generated by running "yarn install" inside your project.
# Manual changes might be lost - proceed with caution!

__metadata:
  version: 6
  cacheKey: 8

"cors-anywhere@npm:^0.4.4":
  version: 0.4.4
  resolution: "cors-anywhere@npm:0.4.4"
  dependencies:
    http-proxy: 1.11.1
    proxy-from-env: 0.0.1
  checksum: 02e87cbebafc371c1d50535b6282feb0ae4b576500a6e3b07cd9b5f7fcd24f6bf4f6edbd3eef3eb730365f109475a1ec33ea116931769762646e78950d4a8696
  languageName: node
  linkType: hard

"eventemitter3@npm:1.x.x":
  version: 1.2.0
  resolution: "eventemitter3@npm:1.2.0"
  checksum: 1ce3c91340f5038bd611c31a32c69167ccc598049a6844f58400583b4d70f5c0c2d13a201c763624f81de461498fe2767d0bfadcb2c0c417e37556a481b00c1d
  languageName: node
  linkType: hard

"http-proxy@npm:1.11.1":
  version: 1.11.1
  resolution: "http-proxy@npm:1.11.1"
  dependencies:
    eventemitter3: 1.x.x
    requires-port: 0.x.x
  checksum: 2bd44ed6f45d49de125862df3818edd64fa6bcdc54baa509c4d3665e19dd3c4a95b80de3e7d9550b95b920c5e235564ff21eb9aff7f74b4df81892555d096ec7
  languageName: node
  linkType: hard

"proxy-from-env@npm:0.0.1":
  version: 0.0.1
  resolution: "proxy-from-env@npm:0.0.1"
  checksum: 801947dd787b417528dee516599bfa4a66ab8508025ee7fe31ce8dddffbd2571a2c113c8fff4a794886fb68a75316af97559f87c0f86fcd59399a300f2bfe6a7
  languageName: node
  linkType: hard

"proxy@workspace:.":
  version: 0.0.0-use.local
  resolution: "proxy@workspace:."
  dependencies:
    cors-anywhere: ^0.4.4
  languageName: unknown
  linkType: soft

"requires-port@npm:0.x.x":
  version: 0.0.1
  resolution: "requires-port@npm:0.0.1"
  checksum: 36a3414a76ff1dd4f7df519c2315e7af3eb54312d764319cf9aea4e0ab3a084772ff01edb46487c04fa5c9abe5de627e8eeb500d350b9b21407b94fe346358e2
  languageName: node
  linkType: hard
